
Microsoft Visual Studio Solution File, Format Version 12.00
# Visual Studio Version 17
VisualStudioVersion = 17.0.31903.59
MinimumVisualStudioVersion = 10.0.40219.1
Project("{2150E333-8FDC-42A3-9474-1A3956D46DE8}") = "Backend", "Backend", "{1AE8ACA6-933B-BF2A-3671-3E2EAC007D16}"
EndProject
Project("{FAE04EC0-301F-11D3-BF4B-00C04F79EFBC}") = "UCR.ECCI.IS.VRCampus.Backend.Api", "Backend.Api\UCR.ECCI.IS.VRCampus.Backend.Api.csproj", "{AC09B2BF-985C-4ED8-95CE-9888F30B8E9B}"
EndProject
Project("{FAE04EC0-301F-11D3-BF4B-00C04F79EFBC}") = "UCR.ECCI.IS.VRCampus.Backend.Application", "Backend.Application\UCR.ECCI.IS.VRCampus.Backend.Application.csproj", "{7A2A99EB-8D71-4362-B8AB-8E9625629F45}"
EndProject
Project("{FAE04EC0-301F-11D3-BF4B-00C04F79EFBC}") = "UCR.ECCI.IS.VRCampus.Backend.Application.Tests.Unit", "Backend.Application.Tests.Unit\UCR.ECCI.IS.VRCampus.Backend.Application.Tests.Unit.csproj", "{F538AE83-C43E-41C3-9540-9723730E71E4}"
EndProject
Project("{FAE04EC0-301F-11D3-BF4B-00C04F79EFBC}") = "UCR.ECCI.IS.VRCampus.Backend.DependencyInjection", "Backend.DependencyInjection\UCR.ECCI.IS.VRCampus.Backend.DependencyInjection.csproj", "{44A107E1-57F7-46FD-80AC-0D9AFF9697DC}"
EndProject
Project("{FAE04EC0-301F-11D3-BF4B-00C04F79EFBC}") = "UCR.ECCI.IS.VRCampus.Backend.Infrastructure", "Backend.Infrastructure\UCR.ECCI.IS.VRCampus.Backend.Infrastructure.csproj", "{41A3F8B7-7730-4777-9CB1-1209B640F68F}"
EndProject
Project("{FAE04EC0-301F-11D3-BF4B-00C04F79EFBC}") = "UCR.ECCI.IS.VRCampus.Backend.Infrastructure.Tests.Unit", "Backend.Infrastructure.Tests.Unit\UCR.ECCI.IS.VRCampus.Backend.Infrastructure.Tests.Unit.csproj", "{AB933B3F-E1BD-48D9-8318-5DD96D172431}"
EndProject
Project("{FAE04EC0-301F-11D3-BF4B-00C04F79EFBC}") = "UCR.ECCI.IS.VRCampus.Backend.Domain", "Backend.Domain\UCR.ECCI.IS.VRCampus.Backend.Domain.csproj", "{96A1DFA6-8AFD-41CE-B66F-394CD92C3BB8}"
EndProject
Project("{FAE04EC0-301F-11D3-BF4B-00C04F79EFBC}") = "UCR.ECCI.IS.VRCampus.Backend.Domain.Tests.Unit", "Backend.Domain.Tests.Unit\UCR.ECCI.IS.VRCampus.Backend.Domain.Tests.Unit.csproj", "{CF94426A-B0EF-417C-AE82-DDD10CBE4C32}"
EndProject
Project("{FAE04EC0-301F-11D3-BF4B-00C04F79EFBC}") = "UCR.ECCI.IS.VRCampus.Backend.Presentation", "Backend.Presentation\UCR.ECCI.IS.VRCampus.Backend.Presentation.csproj", "{2B570E1F-131A-45B6-A92D-8FD378976BEE}"
EndProject
Project("{FAE04EC0-301F-11D3-BF4B-00C04F79EFBC}") = "UCR.ECCI.IS.VRCampus.Backend.Presentation.Tests.Unit", "Backend.Presentation.Tests.Unit\UCR.ECCI.IS.VRCampus.Backend.Presentation.Tests.Unit.csproj", "{43A0E511-90DC-4823-87B8-46CA8C785BB2}"
EndProject
Project("{2150E333-8FDC-42A3-9474-1A3956D46DE8}") = "Database", "Database", "{E0096E63-5207-411F-2649-837654E3C58A}"
EndProject
Project("{2150E333-8FDC-42A3-9474-1A3956D46DE8}") = "Application", "Application", "{02EA681E-C7D8-13C7-8484-4AC65E1B71E8}"
EndProject
Project("{2150E333-8FDC-42A3-9474-1A3956D46DE8}") = "Domain", "Domain", "{A58D9319-E38A-4992-8AE6-CBFCAC9C3F44}"
EndProject
Project("{2150E333-8FDC-42A3-9474-1A3956D46DE8}") = "Infrastructure", "Infrastructure", "{AEBAD53D-71A0-4397-9FB3-8FC8634C9845}"
EndProject
Project("{2150E333-8FDC-42A3-9474-1A3956D46DE8}") = "Presentation", "Presentation", "{1C0E8165-55B8-48CE-8BF3-CE7EE274F934}"
EndProject
Project("{2150E333-8FDC-42A3-9474-1A3956D46DE8}") = "DependencyInjection", "DependencyInjection", "{0AD16369-DEEA-4844-B1C4-6A72BAF964C3}"
EndProject
Project("{00D1A9C2-B5F0-4AF3-8072-F6C62B433612}") = "UCR.ECCI.IS.VRCampus.Database", "UCR.ECCI.IS.VRCampus.Database\UCR.ECCI.IS.VRCampus.Database.sqlproj", "{EBB093C8-2127-4E9F-89E5-933A8D8EE961}"
EndProject
Project("{2150E333-8FDC-42A3-9474-1A3956D46DE8}") = "Solution Items", "Solution Items", "{01040B64-94DD-47BA-BE94-D35C7E5B801A}"
	ProjectSection(SolutionItems) = preProject
		.editorconfig = .editorconfig
	EndProjectSection
EndProject
Project("{2150E333-8FDC-42A3-9474-1A3956D46DE8}") = "Frontend", "Frontend", "{DB77A366-C832-4217-BA30-A056B8FA48D4}"
EndProject
Project("{FAE04EC0-301F-11D3-BF4B-00C04F79EFBC}") = "UCR.ECCI.IS.VRCampus.Frontend.Blazor", "Frontend.Blazor\UCR.ECCI.IS.VRCampus.Frontend.Blazor.csproj", "{52F1459C-341F-49E7-85EC-7E74C6EF5B91}"
EndProject
Project("{FAE04EC0-301F-11D3-BF4B-00C04F79EFBC}") = "UCR.ECCI.IS.VRCampus.Frontend.Blazor.Client", "Frontend.Blazor.Client\UCR.ECCI.IS.VRCampus.Frontend.Blazor.Client.csproj", "{3621201F-CE8B-4B79-AA57-0EDDDF1BD1CA}"
EndProject
Project("{2150E333-8FDC-42A3-9474-1A3956D46DE8}") = "Domain", "Domain", "{8AFB4E77-8BB0-4AE3-493D-28CA97F5788B}"
EndProject
Project("{FAE04EC0-301F-11D3-BF4B-00C04F79EFBC}") = "UCR.ECCI.IS.VRCampus.Frontend.Blazor.Domain", "Frontend.Blazor.Domain\UCR.ECCI.IS.VRCampus.Frontend.Blazor.Domain.csproj", "{C08B1704-B9D9-4299-93F1-41F403CFE44D}"
EndProject
Project("{2150E333-8FDC-42A3-9474-1A3956D46DE8}") = "Application", "Application", "{5DC43385-88AF-E03D-4071-BD59D85E49B3}"
EndProject
Project("{FAE04EC0-301F-11D3-BF4B-00C04F79EFBC}") = "UCR.ECCI.IS.VRCampus.Frontend.Blazor.Application", "Frontend.Blazor.Application\UCR.ECCI.IS.VRCampus.Frontend.Blazor.Application.csproj", "{32914DF4-A766-4085-8D96-C200B4E2C0AF}"
EndProject
Project("{2150E333-8FDC-42A3-9474-1A3956D46DE8}") = "Presentation", "Presentation", "{BAD94F12-663D-4C95-D3B1-801A07B16E7A}"
EndProject
Project("{FAE04EC0-301F-11D3-BF4B-00C04F79EFBC}") = "UCR.ECCI.IS.VRCampus.Frontend.Blazor.Presentation", "Frontend.Blazor.Presentation\UCR.ECCI.IS.VRCampus.Frontend.Blazor.Presentation.csproj", "{6B3CE4C0-28E4-495A-9396-D8AA5653E170}"
EndProject
Project("{2150E333-8FDC-42A3-9474-1A3956D46DE8}") = "Infrastructure", "Infrastructure", "{4DD36766-35F4-5986-8756-9750FB672A8C}"
EndProject
Project("{FAE04EC0-301F-11D3-BF4B-00C04F79EFBC}") = "UCR.ECCI.IS.VRCampus.Frontend.Blazor.Infrastructure", "Frontend.Blazor.Infrastructure\UCR.ECCI.IS.VRCampus.Frontend.Blazor.Infrastructure.csproj", "{C686BDBF-179B-4BA5-936B-96E2B8AE5A7F}"
EndProject
Project("{2150E333-8FDC-42A3-9474-1A3956D46DE8}") = "DependencyInjection", "DependencyInjection", "{18B61D1A-ACF7-F75D-E536-F9E6396E414F}"
EndProject
Project("{FAE04EC0-301F-11D3-BF4B-00C04F79EFBC}") = "UCR.ECCI.IS.VRCampus.Frontend.Blazor.DependencyInjection", "Frontend.Blazor.DependencyInjection\UCR.ECCI.IS.VRCampus.Frontend.Blazor.DependencyInjection.csproj", "{8D977652-E409-4EFB-B3A6-B704E2DD5BF9}"
EndProject
Project("{FAE04EC0-301F-11D3-BF4B-00C04F79EFBC}") = "UCR.ECCI.IS.VRCampus.Frontend.Blazor.Domain.Test.Unit", "Frontend.Blazor.Domain.Test.Unit\UCR.ECCI.IS.VRCampus.Frontend.Blazor.Domain.Test.Unit.csproj", "{8C4D7A77-551E-40E8-B96F-F50CBA4D63D6}"
EndProject
Project("{FAE04EC0-301F-11D3-BF4B-00C04F79EFBC}") = "UCR.ECCI.IS.VRCampus.Frontend.Blazor.Application.Test.Unit", "Frontend.Blazor.Application.Test.Unit\UCR.ECCI.IS.VRCampus.Frontend.Blazor.Application.Test.Unit.csproj", "{BDC81300-057B-49C7-A738-3ADB4157E417}"
EndProject
Project("{FAE04EC0-301F-11D3-BF4B-00C04F79EFBC}") = "UCR.ECCI.IS.VRCampus.Frontend.Blazor.Infrastructure.Test.Unit", "Frontend.Blazor.Infrastructure.Test.Unit\UCR.ECCI.IS.VRCampus.Frontend.Blazor.Infrastructure.Test.Unit.csproj", "{0AD13B25-90D6-4EC6-82D3-C021B4EA3E6B}"
EndProject
Project("{2150E333-8FDC-42A3-9474-1A3956D46DE8}") = "Blazor", "Blazor", "{3DEF2AB4-E010-429D-8B5E-D23CB8EF36E0}"
EndProject
Project("{FAE04EC0-301F-11D3-BF4B-00C04F79EFBC}") = "UCR.ECCI.IS.VRCampus.Backend.Infrastructure.Tests.Integration", "UCR.ECCI.IS.VRCampus.Backend.Infrastructure.Tests.Integration\UCR.ECCI.IS.VRCampus.Backend.Infrastructure.Tests.Integration.csproj", "{8B52367E-43E5-4DCE-B26C-8A16846A78E2}"
EndProject
Project("{FAE04EC0-301F-11D3-BF4B-00C04F79EFBC}") = "UCR.ECCI.IS.VRCampus.Backend.Application.Tests.Integration", "UCR.ECCI.IS.VRCampus.Backend.Application.Tests.Integration\UCR.ECCI.IS.VRCampus.Backend.Application.Tests.Integration.csproj", "{35D559F4-BBE1-42B2-AF72-D57C323D46DF}"
EndProject
Global
	GlobalSection(SolutionConfigurationPlatforms) = preSolution
		Debug|Any CPU = Debug|Any CPU
		Debug|x64 = Debug|x64
		Debug|x86 = Debug|x86
		Release|Any CPU = Release|Any CPU
		Release|x64 = Release|x64
		Release|x86 = Release|x86
	EndGlobalSection
	GlobalSection(ProjectConfigurationPlatforms) = postSolution
		{AC09B2BF-985C-4ED8-95CE-9888F30B8E9B}.Debug|Any CPU.ActiveCfg = Debug|Any CPU
		{AC09B2BF-985C-4ED8-95CE-9888F30B8E9B}.Debug|Any CPU.Build.0 = Debug|Any CPU
		{AC09B2BF-985C-4ED8-95CE-9888F30B8E9B}.Debug|x64.ActiveCfg = Debug|Any CPU
		{AC09B2BF-985C-4ED8-95CE-9888F30B8E9B}.Debug|x64.Build.0 = Debug|Any CPU
		{AC09B2BF-985C-4ED8-95CE-9888F30B8E9B}.Debug|x86.ActiveCfg = Debug|Any CPU
		{AC09B2BF-985C-4ED8-95CE-9888F30B8E9B}.Debug|x86.Build.0 = Debug|Any CPU
		{AC09B2BF-985C-4ED8-95CE-9888F30B8E9B}.Release|Any CPU.ActiveCfg = Release|Any CPU
		{AC09B2BF-985C-4ED8-95CE-9888F30B8E9B}.Release|Any CPU.Build.0 = Release|Any CPU
		{AC09B2BF-985C-4ED8-95CE-9888F30B8E9B}.Release|x64.ActiveCfg = Release|Any CPU
		{AC09B2BF-985C-4ED8-95CE-9888F30B8E9B}.Release|x64.Build.0 = Release|Any CPU
		{AC09B2BF-985C-4ED8-95CE-9888F30B8E9B}.Release|x86.ActiveCfg = Release|Any CPU
		{AC09B2BF-985C-4ED8-95CE-9888F30B8E9B}.Release|x86.Build.0 = Release|Any CPU
		{7A2A99EB-8D71-4362-B8AB-8E9625629F45}.Debug|Any CPU.ActiveCfg = Debug|Any CPU
		{7A2A99EB-8D71-4362-B8AB-8E9625629F45}.Debug|Any CPU.Build.0 = Debug|Any CPU
		{7A2A99EB-8D71-4362-B8AB-8E9625629F45}.Debug|x64.ActiveCfg = Debug|Any CPU
		{7A2A99EB-8D71-4362-B8AB-8E9625629F45}.Debug|x64.Build.0 = Debug|Any CPU
		{7A2A99EB-8D71-4362-B8AB-8E9625629F45}.Debug|x86.ActiveCfg = Debug|Any CPU
		{7A2A99EB-8D71-4362-B8AB-8E9625629F45}.Debug|x86.Build.0 = Debug|Any CPU
		{7A2A99EB-8D71-4362-B8AB-8E9625629F45}.Release|Any CPU.ActiveCfg = Release|Any CPU
		{7A2A99EB-8D71-4362-B8AB-8E9625629F45}.Release|Any CPU.Build.0 = Release|Any CPU
		{7A2A99EB-8D71-4362-B8AB-8E9625629F45}.Release|x64.ActiveCfg = Release|Any CPU
		{7A2A99EB-8D71-4362-B8AB-8E9625629F45}.Release|x64.Build.0 = Release|Any CPU
		{7A2A99EB-8D71-4362-B8AB-8E9625629F45}.Release|x86.ActiveCfg = Release|Any CPU
		{7A2A99EB-8D71-4362-B8AB-8E9625629F45}.Release|x86.Build.0 = Release|Any CPU
		{F538AE83-C43E-41C3-9540-9723730E71E4}.Debug|Any CPU.ActiveCfg = Debug|Any CPU
		{F538AE83-C43E-41C3-9540-9723730E71E4}.Debug|Any CPU.Build.0 = Debug|Any CPU
		{F538AE83-C43E-41C3-9540-9723730E71E4}.Debug|x64.ActiveCfg = Debug|Any CPU
		{F538AE83-C43E-41C3-9540-9723730E71E4}.Debug|x64.Build.0 = Debug|Any CPU
		{F538AE83-C43E-41C3-9540-9723730E71E4}.Debug|x86.ActiveCfg = Debug|Any CPU
		{F538AE83-C43E-41C3-9540-9723730E71E4}.Debug|x86.Build.0 = Debug|Any CPU
		{F538AE83-C43E-41C3-9540-9723730E71E4}.Release|Any CPU.ActiveCfg = Release|Any CPU
		{F538AE83-C43E-41C3-9540-9723730E71E4}.Release|Any CPU.Build.0 = Release|Any CPU
		{F538AE83-C43E-41C3-9540-9723730E71E4}.Release|x64.ActiveCfg = Release|Any CPU
		{F538AE83-C43E-41C3-9540-9723730E71E4}.Release|x64.Build.0 = Release|Any CPU
		{F538AE83-C43E-41C3-9540-9723730E71E4}.Release|x86.ActiveCfg = Release|Any CPU
		{F538AE83-C43E-41C3-9540-9723730E71E4}.Release|x86.Build.0 = Release|Any CPU
		{44A107E1-57F7-46FD-80AC-0D9AFF9697DC}.Debug|Any CPU.ActiveCfg = Debug|Any CPU
		{44A107E1-57F7-46FD-80AC-0D9AFF9697DC}.Debug|Any CPU.Build.0 = Debug|Any CPU
		{44A107E1-57F7-46FD-80AC-0D9AFF9697DC}.Debug|x64.ActiveCfg = Debug|Any CPU
		{44A107E1-57F7-46FD-80AC-0D9AFF9697DC}.Debug|x64.Build.0 = Debug|Any CPU
		{44A107E1-57F7-46FD-80AC-0D9AFF9697DC}.Debug|x86.ActiveCfg = Debug|Any CPU
		{44A107E1-57F7-46FD-80AC-0D9AFF9697DC}.Debug|x86.Build.0 = Debug|Any CPU
		{44A107E1-57F7-46FD-80AC-0D9AFF9697DC}.Release|Any CPU.ActiveCfg = Release|Any CPU
		{44A107E1-57F7-46FD-80AC-0D9AFF9697DC}.Release|Any CPU.Build.0 = Release|Any CPU
		{44A107E1-57F7-46FD-80AC-0D9AFF9697DC}.Release|x64.ActiveCfg = Release|Any CPU
		{44A107E1-57F7-46FD-80AC-0D9AFF9697DC}.Release|x64.Build.0 = Release|Any CPU
		{44A107E1-57F7-46FD-80AC-0D9AFF9697DC}.Release|x86.ActiveCfg = Release|Any CPU
		{44A107E1-57F7-46FD-80AC-0D9AFF9697DC}.Release|x86.Build.0 = Release|Any CPU
		{41A3F8B7-7730-4777-9CB1-1209B640F68F}.Debug|Any CPU.ActiveCfg = Debug|Any CPU
		{41A3F8B7-7730-4777-9CB1-1209B640F68F}.Debug|Any CPU.Build.0 = Debug|Any CPU
		{41A3F8B7-7730-4777-9CB1-1209B640F68F}.Debug|x64.ActiveCfg = Debug|Any CPU
		{41A3F8B7-7730-4777-9CB1-1209B640F68F}.Debug|x64.Build.0 = Debug|Any CPU
		{41A3F8B7-7730-4777-9CB1-1209B640F68F}.Debug|x86.ActiveCfg = Debug|Any CPU
		{41A3F8B7-7730-4777-9CB1-1209B640F68F}.Debug|x86.Build.0 = Debug|Any CPU
		{41A3F8B7-7730-4777-9CB1-1209B640F68F}.Release|Any CPU.ActiveCfg = Release|Any CPU
		{41A3F8B7-7730-4777-9CB1-1209B640F68F}.Release|Any CPU.Build.0 = Release|Any CPU
		{41A3F8B7-7730-4777-9CB1-1209B640F68F}.Release|x64.ActiveCfg = Release|Any CPU
		{41A3F8B7-7730-4777-9CB1-1209B640F68F}.Release|x64.Build.0 = Release|Any CPU
		{41A3F8B7-7730-4777-9CB1-1209B640F68F}.Release|x86.ActiveCfg = Release|Any CPU
		{41A3F8B7-7730-4777-9CB1-1209B640F68F}.Release|x86.Build.0 = Release|Any CPU
		{AB933B3F-E1BD-48D9-8318-5DD96D172431}.Debug|Any CPU.ActiveCfg = Debug|Any CPU
		{AB933B3F-E1BD-48D9-8318-5DD96D172431}.Debug|Any CPU.Build.0 = Debug|Any CPU
		{AB933B3F-E1BD-48D9-8318-5DD96D172431}.Debug|x64.ActiveCfg = Debug|Any CPU
		{AB933B3F-E1BD-48D9-8318-5DD96D172431}.Debug|x64.Build.0 = Debug|Any CPU
		{AB933B3F-E1BD-48D9-8318-5DD96D172431}.Debug|x86.ActiveCfg = Debug|Any CPU
		{AB933B3F-E1BD-48D9-8318-5DD96D172431}.Debug|x86.Build.0 = Debug|Any CPU
		{AB933B3F-E1BD-48D9-8318-5DD96D172431}.Release|Any CPU.ActiveCfg = Release|Any CPU
		{AB933B3F-E1BD-48D9-8318-5DD96D172431}.Release|Any CPU.Build.0 = Release|Any CPU
		{AB933B3F-E1BD-48D9-8318-5DD96D172431}.Release|x64.ActiveCfg = Release|Any CPU
		{AB933B3F-E1BD-48D9-8318-5DD96D172431}.Release|x64.Build.0 = Release|Any CPU
		{AB933B3F-E1BD-48D9-8318-5DD96D172431}.Release|x86.ActiveCfg = Release|Any CPU
		{AB933B3F-E1BD-48D9-8318-5DD96D172431}.Release|x86.Build.0 = Release|Any CPU
		{96A1DFA6-8AFD-41CE-B66F-394CD92C3BB8}.Debug|Any CPU.ActiveCfg = Debug|Any CPU
		{96A1DFA6-8AFD-41CE-B66F-394CD92C3BB8}.Debug|Any CPU.Build.0 = Debug|Any CPU
		{96A1DFA6-8AFD-41CE-B66F-394CD92C3BB8}.Debug|x64.ActiveCfg = Debug|Any CPU
		{96A1DFA6-8AFD-41CE-B66F-394CD92C3BB8}.Debug|x64.Build.0 = Debug|Any CPU
		{96A1DFA6-8AFD-41CE-B66F-394CD92C3BB8}.Debug|x86.ActiveCfg = Debug|Any CPU
		{96A1DFA6-8AFD-41CE-B66F-394CD92C3BB8}.Debug|x86.Build.0 = Debug|Any CPU
		{96A1DFA6-8AFD-41CE-B66F-394CD92C3BB8}.Release|Any CPU.ActiveCfg = Release|Any CPU
		{96A1DFA6-8AFD-41CE-B66F-394CD92C3BB8}.Release|Any CPU.Build.0 = Release|Any CPU
		{96A1DFA6-8AFD-41CE-B66F-394CD92C3BB8}.Release|x64.ActiveCfg = Release|Any CPU
		{96A1DFA6-8AFD-41CE-B66F-394CD92C3BB8}.Release|x64.Build.0 = Release|Any CPU
		{96A1DFA6-8AFD-41CE-B66F-394CD92C3BB8}.Release|x86.ActiveCfg = Release|Any CPU
		{96A1DFA6-8AFD-41CE-B66F-394CD92C3BB8}.Release|x86.Build.0 = Release|Any CPU
		{CF94426A-B0EF-417C-AE82-DDD10CBE4C32}.Debug|Any CPU.ActiveCfg = Debug|Any CPU
		{CF94426A-B0EF-417C-AE82-DDD10CBE4C32}.Debug|Any CPU.Build.0 = Debug|Any CPU
		{CF94426A-B0EF-417C-AE82-DDD10CBE4C32}.Debug|x64.ActiveCfg = Debug|Any CPU
		{CF94426A-B0EF-417C-AE82-DDD10CBE4C32}.Debug|x64.Build.0 = Debug|Any CPU
		{CF94426A-B0EF-417C-AE82-DDD10CBE4C32}.Debug|x86.ActiveCfg = Debug|Any CPU
		{CF94426A-B0EF-417C-AE82-DDD10CBE4C32}.Debug|x86.Build.0 = Debug|Any CPU
		{CF94426A-B0EF-417C-AE82-DDD10CBE4C32}.Release|Any CPU.ActiveCfg = Release|Any CPU
		{CF94426A-B0EF-417C-AE82-DDD10CBE4C32}.Release|Any CPU.Build.0 = Release|Any CPU
		{CF94426A-B0EF-417C-AE82-DDD10CBE4C32}.Release|x64.ActiveCfg = Release|Any CPU
		{CF94426A-B0EF-417C-AE82-DDD10CBE4C32}.Release|x64.Build.0 = Release|Any CPU
		{CF94426A-B0EF-417C-AE82-DDD10CBE4C32}.Release|x86.ActiveCfg = Release|Any CPU
		{CF94426A-B0EF-417C-AE82-DDD10CBE4C32}.Release|x86.Build.0 = Release|Any CPU
		{2B570E1F-131A-45B6-A92D-8FD378976BEE}.Debug|Any CPU.ActiveCfg = Debug|Any CPU
		{2B570E1F-131A-45B6-A92D-8FD378976BEE}.Debug|Any CPU.Build.0 = Debug|Any CPU
		{2B570E1F-131A-45B6-A92D-8FD378976BEE}.Debug|x64.ActiveCfg = Debug|Any CPU
		{2B570E1F-131A-45B6-A92D-8FD378976BEE}.Debug|x64.Build.0 = Debug|Any CPU
		{2B570E1F-131A-45B6-A92D-8FD378976BEE}.Debug|x86.ActiveCfg = Debug|Any CPU
		{2B570E1F-131A-45B6-A92D-8FD378976BEE}.Debug|x86.Build.0 = Debug|Any CPU
		{2B570E1F-131A-45B6-A92D-8FD378976BEE}.Release|Any CPU.ActiveCfg = Release|Any CPU
		{2B570E1F-131A-45B6-A92D-8FD378976BEE}.Release|Any CPU.Build.0 = Release|Any CPU
		{2B570E1F-131A-45B6-A92D-8FD378976BEE}.Release|x64.ActiveCfg = Release|Any CPU
		{2B570E1F-131A-45B6-A92D-8FD378976BEE}.Release|x64.Build.0 = Release|Any CPU
		{2B570E1F-131A-45B6-A92D-8FD378976BEE}.Release|x86.ActiveCfg = Release|Any CPU
		{2B570E1F-131A-45B6-A92D-8FD378976BEE}.Release|x86.Build.0 = Release|Any CPU
		{43A0E511-90DC-4823-87B8-46CA8C785BB2}.Debug|Any CPU.ActiveCfg = Debug|Any CPU
		{43A0E511-90DC-4823-87B8-46CA8C785BB2}.Debug|Any CPU.Build.0 = Debug|Any CPU
		{43A0E511-90DC-4823-87B8-46CA8C785BB2}.Debug|x64.ActiveCfg = Debug|Any CPU
		{43A0E511-90DC-4823-87B8-46CA8C785BB2}.Debug|x64.Build.0 = Debug|Any CPU
		{43A0E511-90DC-4823-87B8-46CA8C785BB2}.Debug|x86.ActiveCfg = Debug|Any CPU
		{43A0E511-90DC-4823-87B8-46CA8C785BB2}.Debug|x86.Build.0 = Debug|Any CPU
		{43A0E511-90DC-4823-87B8-46CA8C785BB2}.Release|Any CPU.ActiveCfg = Release|Any CPU
		{43A0E511-90DC-4823-87B8-46CA8C785BB2}.Release|Any CPU.Build.0 = Release|Any CPU
		{43A0E511-90DC-4823-87B8-46CA8C785BB2}.Release|x64.ActiveCfg = Release|Any CPU
		{43A0E511-90DC-4823-87B8-46CA8C785BB2}.Release|x64.Build.0 = Release|Any CPU
		{43A0E511-90DC-4823-87B8-46CA8C785BB2}.Release|x86.ActiveCfg = Release|Any CPU
		{43A0E511-90DC-4823-87B8-46CA8C785BB2}.Release|x86.Build.0 = Release|Any CPU
		{EBB093C8-2127-4E9F-89E5-933A8D8EE961}.Debug|Any CPU.ActiveCfg = Debug|Any CPU
		{EBB093C8-2127-4E9F-89E5-933A8D8EE961}.Debug|Any CPU.Build.0 = Debug|Any CPU
		{EBB093C8-2127-4E9F-89E5-933A8D8EE961}.Debug|Any CPU.Deploy.0 = Debug|Any CPU
		{EBB093C8-2127-4E9F-89E5-933A8D8EE961}.Debug|x64.ActiveCfg = Debug|Any CPU
		{EBB093C8-2127-4E9F-89E5-933A8D8EE961}.Debug|x64.Build.0 = Debug|Any CPU
		{EBB093C8-2127-4E9F-89E5-933A8D8EE961}.Debug|x64.Deploy.0 = Debug|Any CPU
		{EBB093C8-2127-4E9F-89E5-933A8D8EE961}.Debug|x86.ActiveCfg = Debug|Any CPU
		{EBB093C8-2127-4E9F-89E5-933A8D8EE961}.Debug|x86.Build.0 = Debug|Any CPU
		{EBB093C8-2127-4E9F-89E5-933A8D8EE961}.Debug|x86.Deploy.0 = Debug|Any CPU
		{EBB093C8-2127-4E9F-89E5-933A8D8EE961}.Release|Any CPU.ActiveCfg = Release|Any CPU
		{EBB093C8-2127-4E9F-89E5-933A8D8EE961}.Release|Any CPU.Build.0 = Release|Any CPU
		{EBB093C8-2127-4E9F-89E5-933A8D8EE961}.Release|Any CPU.Deploy.0 = Release|Any CPU
		{EBB093C8-2127-4E9F-89E5-933A8D8EE961}.Release|x64.ActiveCfg = Release|Any CPU
		{EBB093C8-2127-4E9F-89E5-933A8D8EE961}.Release|x64.Build.0 = Release|Any CPU
		{EBB093C8-2127-4E9F-89E5-933A8D8EE961}.Release|x64.Deploy.0 = Release|Any CPU
		{EBB093C8-2127-4E9F-89E5-933A8D8EE961}.Release|x86.ActiveCfg = Release|Any CPU
		{EBB093C8-2127-4E9F-89E5-933A8D8EE961}.Release|x86.Build.0 = Release|Any CPU
		{EBB093C8-2127-4E9F-89E5-933A8D8EE961}.Release|x86.Deploy.0 = Release|Any CPU
		{52F1459C-341F-49E7-85EC-7E74C6EF5B91}.Debug|Any CPU.ActiveCfg = Debug|Any CPU
		{52F1459C-341F-49E7-85EC-7E74C6EF5B91}.Debug|Any CPU.Build.0 = Debug|Any CPU
		{52F1459C-341F-49E7-85EC-7E74C6EF5B91}.Debug|x64.ActiveCfg = Debug|Any CPU
		{52F1459C-341F-49E7-85EC-7E74C6EF5B91}.Debug|x64.Build.0 = Debug|Any CPU
		{52F1459C-341F-49E7-85EC-7E74C6EF5B91}.Debug|x86.ActiveCfg = Debug|Any CPU
		{52F1459C-341F-49E7-85EC-7E74C6EF5B91}.Debug|x86.Build.0 = Debug|Any CPU
		{52F1459C-341F-49E7-85EC-7E74C6EF5B91}.Release|Any CPU.ActiveCfg = Release|Any CPU
		{52F1459C-341F-49E7-85EC-7E74C6EF5B91}.Release|Any CPU.Build.0 = Release|Any CPU
		{52F1459C-341F-49E7-85EC-7E74C6EF5B91}.Release|x64.ActiveCfg = Release|Any CPU
		{52F1459C-341F-49E7-85EC-7E74C6EF5B91}.Release|x64.Build.0 = Release|Any CPU
		{52F1459C-341F-49E7-85EC-7E74C6EF5B91}.Release|x86.ActiveCfg = Release|Any CPU
		{52F1459C-341F-49E7-85EC-7E74C6EF5B91}.Release|x86.Build.0 = Release|Any CPU
		{3621201F-CE8B-4B79-AA57-0EDDDF1BD1CA}.Debug|Any CPU.ActiveCfg = Debug|Any CPU
		{3621201F-CE8B-4B79-AA57-0EDDDF1BD1CA}.Debug|Any CPU.Build.0 = Debug|Any CPU
		{3621201F-CE8B-4B79-AA57-0EDDDF1BD1CA}.Debug|x64.ActiveCfg = Debug|Any CPU
		{3621201F-CE8B-4B79-AA57-0EDDDF1BD1CA}.Debug|x64.Build.0 = Debug|Any CPU
		{3621201F-CE8B-4B79-AA57-0EDDDF1BD1CA}.Debug|x86.ActiveCfg = Debug|Any CPU
		{3621201F-CE8B-4B79-AA57-0EDDDF1BD1CA}.Debug|x86.Build.0 = Debug|Any CPU
		{3621201F-CE8B-4B79-AA57-0EDDDF1BD1CA}.Release|Any CPU.ActiveCfg = Release|Any CPU
		{3621201F-CE8B-4B79-AA57-0EDDDF1BD1CA}.Release|Any CPU.Build.0 = Release|Any CPU
		{3621201F-CE8B-4B79-AA57-0EDDDF1BD1CA}.Release|x64.ActiveCfg = Release|Any CPU
		{3621201F-CE8B-4B79-AA57-0EDDDF1BD1CA}.Release|x64.Build.0 = Release|Any CPU
		{3621201F-CE8B-4B79-AA57-0EDDDF1BD1CA}.Release|x86.ActiveCfg = Release|Any CPU
		{3621201F-CE8B-4B79-AA57-0EDDDF1BD1CA}.Release|x86.Build.0 = Release|Any CPU
		{C08B1704-B9D9-4299-93F1-41F403CFE44D}.Debug|Any CPU.ActiveCfg = Debug|Any CPU
		{C08B1704-B9D9-4299-93F1-41F403CFE44D}.Debug|Any CPU.Build.0 = Debug|Any CPU
		{C08B1704-B9D9-4299-93F1-41F403CFE44D}.Debug|x64.ActiveCfg = Debug|Any CPU
		{C08B1704-B9D9-4299-93F1-41F403CFE44D}.Debug|x64.Build.0 = Debug|Any CPU
		{C08B1704-B9D9-4299-93F1-41F403CFE44D}.Debug|x86.ActiveCfg = Debug|Any CPU
		{C08B1704-B9D9-4299-93F1-41F403CFE44D}.Debug|x86.Build.0 = Debug|Any CPU
		{C08B1704-B9D9-4299-93F1-41F403CFE44D}.Release|Any CPU.ActiveCfg = Release|Any CPU
		{C08B1704-B9D9-4299-93F1-41F403CFE44D}.Release|Any CPU.Build.0 = Release|Any CPU
		{C08B1704-B9D9-4299-93F1-41F403CFE44D}.Release|x64.ActiveCfg = Release|Any CPU
		{C08B1704-B9D9-4299-93F1-41F403CFE44D}.Release|x64.Build.0 = Release|Any CPU
		{C08B1704-B9D9-4299-93F1-41F403CFE44D}.Release|x86.ActiveCfg = Release|Any CPU
		{C08B1704-B9D9-4299-93F1-41F403CFE44D}.Release|x86.Build.0 = Release|Any CPU
		{32914DF4-A766-4085-8D96-C200B4E2C0AF}.Debug|Any CPU.ActiveCfg = Debug|Any CPU
		{32914DF4-A766-4085-8D96-C200B4E2C0AF}.Debug|Any CPU.Build.0 = Debug|Any CPU
		{32914DF4-A766-4085-8D96-C200B4E2C0AF}.Debug|x64.ActiveCfg = Debug|Any CPU
		{32914DF4-A766-4085-8D96-C200B4E2C0AF}.Debug|x64.Build.0 = Debug|Any CPU
		{32914DF4-A766-4085-8D96-C200B4E2C0AF}.Debug|x86.ActiveCfg = Debug|Any CPU
		{32914DF4-A766-4085-8D96-C200B4E2C0AF}.Debug|x86.Build.0 = Debug|Any CPU
		{32914DF4-A766-4085-8D96-C200B4E2C0AF}.Release|Any CPU.ActiveCfg = Release|Any CPU
		{32914DF4-A766-4085-8D96-C200B4E2C0AF}.Release|Any CPU.Build.0 = Release|Any CPU
		{32914DF4-A766-4085-8D96-C200B4E2C0AF}.Release|x64.ActiveCfg = Release|Any CPU
		{32914DF4-A766-4085-8D96-C200B4E2C0AF}.Release|x64.Build.0 = Release|Any CPU
		{32914DF4-A766-4085-8D96-C200B4E2C0AF}.Release|x86.ActiveCfg = Release|Any CPU
		{32914DF4-A766-4085-8D96-C200B4E2C0AF}.Release|x86.Build.0 = Release|Any CPU
		{6B3CE4C0-28E4-495A-9396-D8AA5653E170}.Debug|Any CPU.ActiveCfg = Debug|Any CPU
		{6B3CE4C0-28E4-495A-9396-D8AA5653E170}.Debug|Any CPU.Build.0 = Debug|Any CPU
		{6B3CE4C0-28E4-495A-9396-D8AA5653E170}.Debug|x64.ActiveCfg = Debug|Any CPU
		{6B3CE4C0-28E4-495A-9396-D8AA5653E170}.Debug|x64.Build.0 = Debug|Any CPU
		{6B3CE4C0-28E4-495A-9396-D8AA5653E170}.Debug|x86.ActiveCfg = Debug|Any CPU
		{6B3CE4C0-28E4-495A-9396-D8AA5653E170}.Debug|x86.Build.0 = Debug|Any CPU
		{6B3CE4C0-28E4-495A-9396-D8AA5653E170}.Release|Any CPU.ActiveCfg = Release|Any CPU
		{6B3CE4C0-28E4-495A-9396-D8AA5653E170}.Release|Any CPU.Build.0 = Release|Any CPU
		{6B3CE4C0-28E4-495A-9396-D8AA5653E170}.Release|x64.ActiveCfg = Release|Any CPU
		{6B3CE4C0-28E4-495A-9396-D8AA5653E170}.Release|x64.Build.0 = Release|Any CPU
		{6B3CE4C0-28E4-495A-9396-D8AA5653E170}.Release|x86.ActiveCfg = Release|Any CPU
		{6B3CE4C0-28E4-495A-9396-D8AA5653E170}.Release|x86.Build.0 = Release|Any CPU
		{C686BDBF-179B-4BA5-936B-96E2B8AE5A7F}.Debug|Any CPU.ActiveCfg = Debug|Any CPU
		{C686BDBF-179B-4BA5-936B-96E2B8AE5A7F}.Debug|Any CPU.Build.0 = Debug|Any CPU
		{C686BDBF-179B-4BA5-936B-96E2B8AE5A7F}.Debug|x64.ActiveCfg = Debug|Any CPU
		{C686BDBF-179B-4BA5-936B-96E2B8AE5A7F}.Debug|x64.Build.0 = Debug|Any CPU
		{C686BDBF-179B-4BA5-936B-96E2B8AE5A7F}.Debug|x86.ActiveCfg = Debug|Any CPU
		{C686BDBF-179B-4BA5-936B-96E2B8AE5A7F}.Debug|x86.Build.0 = Debug|Any CPU
		{C686BDBF-179B-4BA5-936B-96E2B8AE5A7F}.Release|Any CPU.ActiveCfg = Release|Any CPU
		{C686BDBF-179B-4BA5-936B-96E2B8AE5A7F}.Release|Any CPU.Build.0 = Release|Any CPU
		{C686BDBF-179B-4BA5-936B-96E2B8AE5A7F}.Release|x64.ActiveCfg = Release|Any CPU
		{C686BDBF-179B-4BA5-936B-96E2B8AE5A7F}.Release|x64.Build.0 = Release|Any CPU
		{C686BDBF-179B-4BA5-936B-96E2B8AE5A7F}.Release|x86.ActiveCfg = Release|Any CPU
		{C686BDBF-179B-4BA5-936B-96E2B8AE5A7F}.Release|x86.Build.0 = Release|Any CPU
		{8D977652-E409-4EFB-B3A6-B704E2DD5BF9}.Debug|Any CPU.ActiveCfg = Debug|Any CPU
		{8D977652-E409-4EFB-B3A6-B704E2DD5BF9}.Debug|Any CPU.Build.0 = Debug|Any CPU
		{8D977652-E409-4EFB-B3A6-B704E2DD5BF9}.Debug|x64.ActiveCfg = Debug|Any CPU
		{8D977652-E409-4EFB-B3A6-B704E2DD5BF9}.Debug|x64.Build.0 = Debug|Any CPU
		{8D977652-E409-4EFB-B3A6-B704E2DD5BF9}.Debug|x86.ActiveCfg = Debug|Any CPU
		{8D977652-E409-4EFB-B3A6-B704E2DD5BF9}.Debug|x86.Build.0 = Debug|Any CPU
		{8D977652-E409-4EFB-B3A6-B704E2DD5BF9}.Release|Any CPU.ActiveCfg = Release|Any CPU
		{8D977652-E409-4EFB-B3A6-B704E2DD5BF9}.Release|Any CPU.Build.0 = Release|Any CPU
		{8D977652-E409-4EFB-B3A6-B704E2DD5BF9}.Release|x64.ActiveCfg = Release|Any CPU
		{8D977652-E409-4EFB-B3A6-B704E2DD5BF9}.Release|x64.Build.0 = Release|Any CPU
		{8D977652-E409-4EFB-B3A6-B704E2DD5BF9}.Release|x86.ActiveCfg = Release|Any CPU
		{8D977652-E409-4EFB-B3A6-B704E2DD5BF9}.Release|x86.Build.0 = Release|Any CPU
		{8C4D7A77-551E-40E8-B96F-F50CBA4D63D6}.Debug|Any CPU.ActiveCfg = Debug|Any CPU
		{8C4D7A77-551E-40E8-B96F-F50CBA4D63D6}.Debug|Any CPU.Build.0 = Debug|Any CPU
		{8C4D7A77-551E-40E8-B96F-F50CBA4D63D6}.Debug|x64.ActiveCfg = Debug|Any CPU
		{8C4D7A77-551E-40E8-B96F-F50CBA4D63D6}.Debug|x64.Build.0 = Debug|Any CPU
		{8C4D7A77-551E-40E8-B96F-F50CBA4D63D6}.Debug|x86.ActiveCfg = Debug|Any CPU
		{8C4D7A77-551E-40E8-B96F-F50CBA4D63D6}.Debug|x86.Build.0 = Debug|Any CPU
		{8C4D7A77-551E-40E8-B96F-F50CBA4D63D6}.Release|Any CPU.ActiveCfg = Release|Any CPU
		{8C4D7A77-551E-40E8-B96F-F50CBA4D63D6}.Release|Any CPU.Build.0 = Release|Any CPU
		{8C4D7A77-551E-40E8-B96F-F50CBA4D63D6}.Release|x64.ActiveCfg = Release|Any CPU
		{8C4D7A77-551E-40E8-B96F-F50CBA4D63D6}.Release|x64.Build.0 = Release|Any CPU
		{8C4D7A77-551E-40E8-B96F-F50CBA4D63D6}.Release|x86.ActiveCfg = Release|Any CPU
		{8C4D7A77-551E-40E8-B96F-F50CBA4D63D6}.Release|x86.Build.0 = Release|Any CPU
		{BDC81300-057B-49C7-A738-3ADB4157E417}.Debug|Any CPU.ActiveCfg = Debug|Any CPU
		{BDC81300-057B-49C7-A738-3ADB4157E417}.Debug|Any CPU.Build.0 = Debug|Any CPU
		{BDC81300-057B-49C7-A738-3ADB4157E417}.Debug|x64.ActiveCfg = Debug|Any CPU
		{BDC81300-057B-49C7-A738-3ADB4157E417}.Debug|x64.Build.0 = Debug|Any CPU
		{BDC81300-057B-49C7-A738-3ADB4157E417}.Debug|x86.ActiveCfg = Debug|Any CPU
		{BDC81300-057B-49C7-A738-3ADB4157E417}.Debug|x86.Build.0 = Debug|Any CPU
		{BDC81300-057B-49C7-A738-3ADB4157E417}.Release|Any CPU.ActiveCfg = Release|Any CPU
		{BDC81300-057B-49C7-A738-3ADB4157E417}.Release|Any CPU.Build.0 = Release|Any CPU
		{BDC81300-057B-49C7-A738-3ADB4157E417}.Release|x64.ActiveCfg = Release|Any CPU
		{BDC81300-057B-49C7-A738-3ADB4157E417}.Release|x64.Build.0 = Release|Any CPU
		{BDC81300-057B-49C7-A738-3ADB4157E417}.Release|x86.ActiveCfg = Release|Any CPU
		{BDC81300-057B-49C7-A738-3ADB4157E417}.Release|x86.Build.0 = Release|Any CPU
		{0AD13B25-90D6-4EC6-82D3-C021B4EA3E6B}.Debug|Any CPU.ActiveCfg = Debug|Any CPU
		{0AD13B25-90D6-4EC6-82D3-C021B4EA3E6B}.Debug|Any CPU.Build.0 = Debug|Any CPU
		{0AD13B25-90D6-4EC6-82D3-C021B4EA3E6B}.Debug|x64.ActiveCfg = Debug|Any CPU
		{0AD13B25-90D6-4EC6-82D3-C021B4EA3E6B}.Debug|x64.Build.0 = Debug|Any CPU
		{0AD13B25-90D6-4EC6-82D3-C021B4EA3E6B}.Debug|x86.ActiveCfg = Debug|Any CPU
		{0AD13B25-90D6-4EC6-82D3-C021B4EA3E6B}.Debug|x86.Build.0 = Debug|Any CPU
		{0AD13B25-90D6-4EC6-82D3-C021B4EA3E6B}.Release|Any CPU.ActiveCfg = Release|Any CPU
		{0AD13B25-90D6-4EC6-82D3-C021B4EA3E6B}.Release|Any CPU.Build.0 = Release|Any CPU
		{0AD13B25-90D6-4EC6-82D3-C021B4EA3E6B}.Release|x64.ActiveCfg = Release|Any CPU
		{0AD13B25-90D6-4EC6-82D3-C021B4EA3E6B}.Release|x64.Build.0 = Release|Any CPU
		{0AD13B25-90D6-4EC6-82D3-C021B4EA3E6B}.Release|x86.ActiveCfg = Release|Any CPU
		{0AD13B25-90D6-4EC6-82D3-C021B4EA3E6B}.Release|x86.Build.0 = Release|Any CPU
		{8B52367E-43E5-4DCE-B26C-8A16846A78E2}.Debug|Any CPU.ActiveCfg = Debug|Any CPU
		{8B52367E-43E5-4DCE-B26C-8A16846A78E2}.Debug|Any CPU.Build.0 = Debug|Any CPU
		{8B52367E-43E5-4DCE-B26C-8A16846A78E2}.Debug|x64.ActiveCfg = Debug|Any CPU
		{8B52367E-43E5-4DCE-B26C-8A16846A78E2}.Debug|x64.Build.0 = Debug|Any CPU
		{8B52367E-43E5-4DCE-B26C-8A16846A78E2}.Debug|x86.ActiveCfg = Debug|Any CPU
		{8B52367E-43E5-4DCE-B26C-8A16846A78E2}.Debug|x86.Build.0 = Debug|Any CPU
		{8B52367E-43E5-4DCE-B26C-8A16846A78E2}.Release|Any CPU.ActiveCfg = Release|Any CPU
		{8B52367E-43E5-4DCE-B26C-8A16846A78E2}.Release|Any CPU.Build.0 = Release|Any CPU
		{8B52367E-43E5-4DCE-B26C-8A16846A78E2}.Release|x64.ActiveCfg = Release|Any CPU
		{8B52367E-43E5-4DCE-B26C-8A16846A78E2}.Release|x64.Build.0 = Release|Any CPU
		{8B52367E-43E5-4DCE-B26C-8A16846A78E2}.Release|x86.ActiveCfg = Release|Any CPU
		{8B52367E-43E5-4DCE-B26C-8A16846A78E2}.Release|x86.Build.0 = Release|Any CPU
		{35D559F4-BBE1-42B2-AF72-D57C323D46DF}.Debug|Any CPU.ActiveCfg = Debug|Any CPU
		{35D559F4-BBE1-42B2-AF72-D57C323D46DF}.Debug|Any CPU.Build.0 = Debug|Any CPU
		{35D559F4-BBE1-42B2-AF72-D57C323D46DF}.Debug|x64.ActiveCfg = Debug|Any CPU
		{35D559F4-BBE1-42B2-AF72-D57C323D46DF}.Debug|x64.Build.0 = Debug|Any CPU
		{35D559F4-BBE1-42B2-AF72-D57C323D46DF}.Debug|x86.ActiveCfg = Debug|Any CPU
		{35D559F4-BBE1-42B2-AF72-D57C323D46DF}.Debug|x86.Build.0 = Debug|Any CPU
		{35D559F4-BBE1-42B2-AF72-D57C323D46DF}.Release|Any CPU.ActiveCfg = Release|Any CPU
		{35D559F4-BBE1-42B2-AF72-D57C323D46DF}.Release|Any CPU.Build.0 = Release|Any CPU
		{35D559F4-BBE1-42B2-AF72-D57C323D46DF}.Release|x64.ActiveCfg = Release|Any CPU
		{35D559F4-BBE1-42B2-AF72-D57C323D46DF}.Release|x64.Build.0 = Release|Any CPU
		{35D559F4-BBE1-42B2-AF72-D57C323D46DF}.Release|x86.ActiveCfg = Release|Any CPU
		{35D559F4-BBE1-42B2-AF72-D57C323D46DF}.Release|x86.Build.0 = Release|Any CPU
	EndGlobalSection
	GlobalSection(SolutionProperties) = preSolution
		HideSolutionNode = FALSE
	EndGlobalSection
	GlobalSection(NestedProjects) = preSolution
		{AC09B2BF-985C-4ED8-95CE-9888F30B8E9B} = {1C0E8165-55B8-48CE-8BF3-CE7EE274F934}
		{7A2A99EB-8D71-4362-B8AB-8E9625629F45} = {02EA681E-C7D8-13C7-8484-4AC65E1B71E8}
		{F538AE83-C43E-41C3-9540-9723730E71E4} = {02EA681E-C7D8-13C7-8484-4AC65E1B71E8}
		{44A107E1-57F7-46FD-80AC-0D9AFF9697DC} = {0AD16369-DEEA-4844-B1C4-6A72BAF964C3}
		{41A3F8B7-7730-4777-9CB1-1209B640F68F} = {AEBAD53D-71A0-4397-9FB3-8FC8634C9845}
		{AB933B3F-E1BD-48D9-8318-5DD96D172431} = {AEBAD53D-71A0-4397-9FB3-8FC8634C9845}
		{96A1DFA6-8AFD-41CE-B66F-394CD92C3BB8} = {A58D9319-E38A-4992-8AE6-CBFCAC9C3F44}
		{CF94426A-B0EF-417C-AE82-DDD10CBE4C32} = {A58D9319-E38A-4992-8AE6-CBFCAC9C3F44}
		{2B570E1F-131A-45B6-A92D-8FD378976BEE} = {1C0E8165-55B8-48CE-8BF3-CE7EE274F934}
		{43A0E511-90DC-4823-87B8-46CA8C785BB2} = {1C0E8165-55B8-48CE-8BF3-CE7EE274F934}
		{02EA681E-C7D8-13C7-8484-4AC65E1B71E8} = {1AE8ACA6-933B-BF2A-3671-3E2EAC007D16}
		{A58D9319-E38A-4992-8AE6-CBFCAC9C3F44} = {1AE8ACA6-933B-BF2A-3671-3E2EAC007D16}
		{AEBAD53D-71A0-4397-9FB3-8FC8634C9845} = {1AE8ACA6-933B-BF2A-3671-3E2EAC007D16}
		{1C0E8165-55B8-48CE-8BF3-CE7EE274F934} = {1AE8ACA6-933B-BF2A-3671-3E2EAC007D16}
		{0AD16369-DEEA-4844-B1C4-6A72BAF964C3} = {1AE8ACA6-933B-BF2A-3671-3E2EAC007D16}
		{EBB093C8-2127-4E9F-89E5-933A8D8EE961} = {E0096E63-5207-411F-2649-837654E3C58A}
		{52F1459C-341F-49E7-85EC-7E74C6EF5B91} = {3DEF2AB4-E010-429D-8B5E-D23CB8EF36E0}
		{3621201F-CE8B-4B79-AA57-0EDDDF1BD1CA} = {3DEF2AB4-E010-429D-8B5E-D23CB8EF36E0}
		{8AFB4E77-8BB0-4AE3-493D-28CA97F5788B} = {3DEF2AB4-E010-429D-8B5E-D23CB8EF36E0}
		{C08B1704-B9D9-4299-93F1-41F403CFE44D} = {8AFB4E77-8BB0-4AE3-493D-28CA97F5788B}
		{5DC43385-88AF-E03D-4071-BD59D85E49B3} = {3DEF2AB4-E010-429D-8B5E-D23CB8EF36E0}
		{32914DF4-A766-4085-8D96-C200B4E2C0AF} = {5DC43385-88AF-E03D-4071-BD59D85E49B3}
		{BAD94F12-663D-4C95-D3B1-801A07B16E7A} = {3DEF2AB4-E010-429D-8B5E-D23CB8EF36E0}
		{6B3CE4C0-28E4-495A-9396-D8AA5653E170} = {BAD94F12-663D-4C95-D3B1-801A07B16E7A}
		{4DD36766-35F4-5986-8756-9750FB672A8C} = {3DEF2AB4-E010-429D-8B5E-D23CB8EF36E0}
		{C686BDBF-179B-4BA5-936B-96E2B8AE5A7F} = {4DD36766-35F4-5986-8756-9750FB672A8C}
		{18B61D1A-ACF7-F75D-E536-F9E6396E414F} = {3DEF2AB4-E010-429D-8B5E-D23CB8EF36E0}
		{8D977652-E409-4EFB-B3A6-B704E2DD5BF9} = {18B61D1A-ACF7-F75D-E536-F9E6396E414F}
		{8C4D7A77-551E-40E8-B96F-F50CBA4D63D6} = {8AFB4E77-8BB0-4AE3-493D-28CA97F5788B}
		{BDC81300-057B-49C7-A738-3ADB4157E417} = {5DC43385-88AF-E03D-4071-BD59D85E49B3}
		{0AD13B25-90D6-4EC6-82D3-C021B4EA3E6B} = {4DD36766-35F4-5986-8756-9750FB672A8C}
		{3DEF2AB4-E010-429D-8B5E-D23CB8EF36E0} = {DB77A366-C832-4217-BA30-A056B8FA48D4}
		{8B52367E-43E5-4DCE-B26C-8A16846A78E2} = {AEBAD53D-71A0-4397-9FB3-8FC8634C9845}
		{35D559F4-BBE1-42B2-AF72-D57C323D46DF} = {02EA681E-C7D8-13C7-8484-4AC65E1B71E8}
	EndGlobalSection
	GlobalSection(ExtensibilityGlobals) = postSolution
		SolutionGuid = {F997E652-521F-4F24-8116-724151A47BA4}
	EndGlobalSection
EndGlobal
